// !$*UTF8*$!
{
	archiveVersion = 1;
	classes = {
	};
	objectVersion = 77;
	objects = {

/* Begin PBXBuildFile section */
		CD51E3F72FA16BA100A11FAA /* FirebaseStorage in Frameworks */ = {isa = PBXBuildFile; productRef = CD51E3F62FA16BA100A11FAA /* FirebaseStorage */; };
		CD5914CB2FC9FB3500652F43 /* Accelerate.framework in Frameworks */ = {isa = PBXBuildFile; fileRef = CD5914CA2FC9FB3500652F43 /* Accelerate.framework */; };
		CD5914CD2FC9FB8700652F43 /* VideoToolbox.framework in Frameworks */ = {isa = PBXBuildFile; fileRef = CD5914CC2FC9FB8700652F43 /* VideoToolbox.framework */; };
		CDA3AEDA2FAE74E3004872CB /* FirebaseMessaging in Frameworks */ = {isa = PBXBuildFile; productRef = CDA3AED92FAE74E3004872CB /* FirebaseMessaging */; };
		CDE1F02B2F891A18004A81D4 /* FirebaseAuth in Frameworks */ = {isa = PBXBuildFile; productRef = CDE1F02A2F891A18004A81D4 /* FirebaseAuth */; };
		CDE1F02D2F891A18004A81D4 /* FirebaseFirestore in Frameworks */ = {isa = PBXBuildFile; productRef = CDE1F02C2F891A18004A81D4 /* FirebaseFirestore */; };
		CDE1F0322F892473004A81D4 /* GoogleSignIn in Frameworks */ = {isa = PBXBuildFile; productRef = CDE1F0312F892473004A81D4 /* GoogleSignIn */; };
/* End PBXBuildFile section */

/* Begin PBXContainerItemProxy section */
		CDA1E2E42F857001008DF139 /* PBXContainerItemProxy */ = {
			isa = PBXContainerItemProxy;
			containerPortal = CDA1E2CE2F856FFF008DF139 /* Project object */;
			proxyType = 1;
			remoteGlobalIDString = CDA1E2D52F856FFF008DF139;
			remoteInfo = BroadcastHQ;
		};
		CDA1E2EE2F857001008DF139 /* PBXContainerItemProxy */ = {
			isa = PBXContainerItemProxy;
			containerPortal = CDA1E2CE2F856FFF008DF139 /* Project object */;
			proxyType = 1;
			remoteGlobalIDString = CDA1E2D52F856FFF008DF139;
			remoteInfo = BroadcastHQ;
		};
/* End PBXContainerItemProxy section */

/* Begin PBXFileReference section */
		CD259EA92FA2838000F7FDC4 /* BroadcastHQ.entitlements */ = {isa = PBXFileReference; lastKnownFileType = text.plist.entitlements; path = BroadcastHQ.entitlements; sourceTree = "<group>"; };
		CD5914C82FC9F67800652F43 /* libndi_advanced_ios.a */ = {isa = PBXFileReference; lastKnownFileType = archive.ar; path = libndi_advanced_ios.a; sourceTree = "<group>"; };
		CD5914CA2FC9FB3500652F43 /* Accelerate.framework */ = {isa = PBXFileReference; lastKnownFileType = wrapper.framework; name = Accelerate.framework; path = System/Library/Frameworks/Accelerate.framework; sourceTree = SDKROOT; };
		CD5914CC2FC9FB8700652F43 /* VideoToolbox.framework */ = {isa = PBXFileReference; lastKnownFileType = wrapper.framework; name = VideoToolbox.framework; path = System/Library/Frameworks/VideoToolbox.framework; sourceTree = SDKROOT; };
		CDA1E2D62F856FFF008DF139 /* BroadcastHQ.app */ = {isa = PBXFileReference; explicitFileType = wrapper.application; includeInIndex = 0; path = BroadcastHQ.app; sourceTree = BUILT_PRODUCTS_DIR; };
		CDA1E2E32F857001008DF139 /* BroadcastHQTests.xctest */ = {isa = PBXFileReference; explicitFileType = wrapper.cfbundle; includeInIndex = 0; path = BroadcastHQTests.xctest; sourceTree = BUILT_PRODUCTS_DIR; };
		CDA1E2ED2F857001008DF139 /* BroadcastHQUITests.xctest */ = {isa = PBXFileReference; explicitFileType = wrapper.cfbundle; includeInIndex = 0; path = BroadcastHQUITests.xctest; sourceTree = BUILT_PRODUCTS_DIR; };
		CDDC00C22FC475B100076292 /* BroadcastHQ-Bridging-Header.h */ = {isa = PBXFileReference; lastKnownFileType = sourcecode.c.h; path = "BroadcastHQ-Bridging-Header.h"; sourceTree = "<group>"; };
		CDE1F0362F892E4E004A81D4 /* BroadcastHQ-Info.plist */ = {isa = PBXFileReference; lastKnownFileType = text.plist; path = "BroadcastHQ-Info.plist"; sourceTree = "<group>"; };
/* End PBXFileReference section */

/* Begin PBXFileSystemSynchronizedRootGroup section */
		CDA1E2D82F856FFF008DF139 /* BroadcastHQ */ = {
			isa = PBXFileSystemSynchronizedRootGroup;
			path = BroadcastHQ;
			sourceTree = "<group>";
		};
		CDA1E2E62F857001008DF139 /* BroadcastHQTests */ = {
			isa = PBXFileSystemSynchronizedRootGroup;
			path = BroadcastHQTests;
			sourceTree = "<group>";
		};
		CDA1E2F02F857001008DF139 /* BroadcastHQUITests */ = {
			isa = PBXFileSystemSynchronizedRootGroup;
			path = BroadcastHQUITests;
			sourceTree = "<group>";
		};
/* End PBXFileSystemSynchronizedRootGroup section */

/* Begin PBXFrameworksBuildPhase section */
		CDA1E2D32F856FFF008DF139 /* Frameworks */ = {
			isa = PBXFrameworksBuildPhase;
			buildActionMask = 2147483647;
			files = (
				CD5914CD2FC9FB8700652F43 /* VideoToolbox.framework in Frameworks */,
				CDE1F02B2F891A18004A81D4 /* FirebaseAuth in Frameworks */,
				CD5914CB2FC9FB3500652F43 /* Accelerate.framework in Frameworks */,
				CD51E3F72FA16BA100A11FAA /* FirebaseStorage in Frameworks */,
				CDA3AEDA2FAE74E3004872CB /* FirebaseMessaging in Frameworks */,
				CDE1F02D2F891A18004A81D4 /* FirebaseFirestore in Frameworks */,
				CDE1F0322F892473004A81D4 /* GoogleSignIn in Frameworks */,
			);
			runOnlyForDeploymentPostprocessing = 0;
		};
		CDA1E2E02F857001008DF139 /* Frameworks */ = {
			isa = PBXFrameworksBuildPhase;
			buildActionMask = 2147483647;
			files = (
			);
			runOnlyForDeploymentPostprocessing = 0;
		};
		CDA1E2EA2F857001008DF139 /* Frameworks */ = {
			isa = PBXFrameworksBuildPhase;
			buildActionMask = 2147483647;
			files = (
			);
			runOnlyForDeploymentPostprocessing = 0;
		};
/* End PBXFrameworksBuildPhase section */

/* Begin PBXGroup section */
		CD51E3F52FA16BA000A11FAA /* Frameworks */ = {
			isa = PBXGroup;
			children = (
				CD5914CC2FC9FB8700652F43 /* VideoToolbox.framework */,
				CD5914CA2FC9FB3500652F43 /* Accelerate.framework */,
			);
			name = Frameworks;
			sourceTree = "<group>";
		};
		CDA1E2CD2F856FFF008DF139 = {
			isa = PBXGroup;
			children = (
				CD5914C82FC9F67800652F43 /* libndi_advanced_ios.a */,
				CDDC00C22FC475B100076292 /* BroadcastHQ-Bridging-Header.h */,
				CD259EA92FA2838000F7FDC4 /* BroadcastHQ.entitlements */,
				CDE1F0362F892E4E004A81D4 /* BroadcastHQ-Info.plist */,
				CDA1E2D82F856FFF008DF139 /* BroadcastHQ */,
				CDA1E2E62F857001008DF139 /* BroadcastHQTests */,
				CDA1E2F02F857001008DF139 /* BroadcastHQUITests */,
				CDA1E2D72F856FFF008DF139 /* Products */,
				CD51E3F52FA16BA000A11FAA /* Frameworks */,
			);
			sourceTree = "<group>";
		};
		CDA1E2D72F856FFF008DF139 /* Products */ = {
			isa = PBXGroup;
			children = (
				CDA1E2D62F856FFF008DF139 /* BroadcastHQ.app */,
				CDA1E2E32F857001008DF139 /* BroadcastHQTests.xctest */,
				CDA1E2ED2F857001008DF139 /* BroadcastHQUITests.xctest */,
			);
			name = Products;
			sourceTree = "<group>";
		};
/* End PBXGroup section */

/* Begin PBXNativeTarget section */
		CDA1E2D52F856FFF008DF139 /* BroadcastHQ */ = {
			isa = PBXNativeTarget;
			buildConfigurationList = CDA1E2F72F857001008DF139 /* Build configuration list for PBXNativeTarget "BroadcastHQ" */;
			buildPhases = (
				CDA1E2D22F856FFF008DF139 /* Sources */,
				CDA1E2D32F856FFF008DF139 /* Frameworks */,
				CDA1E2D42F856FFF008DF139 /* Resources */,
			);
			buildRules = (
			);
			dependencies = (
			);
			fileSystemSynchronizedGroups = (
				CDA1E2D82F856FFF008DF139 /* BroadcastHQ */,
			);
			name = BroadcastHQ;
			packageProductDependencies = (
				CDE1F02A2F891A18004A81D4 /* FirebaseAuth */,
				CDE1F02C2F891A18004A81D4 /* FirebaseFirestore */,
				CDE1F0312F892473004A81D4 /* GoogleSignIn */,
				CD51E3F62FA16BA100A11FAA /* FirebaseStorage */,
				CDA3AED92FAE74E3004872CB /* FirebaseMessaging */,
			);
			productName = BroadcastHQ;
			productReference = CDA1E2D62F856FFF008DF139 /* BroadcastHQ.app */;
			productType = "com.apple.product-type.application";
		};
		CDA1E2E22F857001008DF139 /* BroadcastHQTests */ = {
			isa = PBXNativeTarget;
			buildConfigurationList = CDA1E2FA2F857001008DF139 /* Build configuration list for PBXNativeTarget "BroadcastHQTests" */;
			buildPhases = (
				CDA1E2DF2F857001008DF139 /* Sources */,
				CDA1E2E02F857001008DF139 /* Frameworks */,
				CDA1E2E12F857001008DF139 /* Resources */,
			);
			buildRules = (
			);
			dependencies = (
				CDA1E2E52F857001008DF139 /* PBXTargetDependency */,
			);
			fileSystemSynchronizedGroups = (
				CDA1E2E62F857001008DF139 /* BroadcastHQTests */,
			);
			name = BroadcastHQTests;
			packageProductDependencies = (
			);
			productName = BroadcastHQTests;
			productReference = CDA1E2E32F857001008DF139 /* BroadcastHQTests.xctest */;
			productType = "com.apple.product-type.bundle.unit-test";
		};
		CDA1E2EC2F857001008DF139 /* BroadcastHQUITests */ = {
			isa = PBXNativeTarget;
			buildConfigurationList = CDA1E2FD2F857001008DF139 /* Build configuration list for PBXNativeTarget "BroadcastHQUITests" */;
			buildPhases = (
				CDA1E2E92F857001008DF139 /* Sources */,
				CDA1E2EA2F857001008DF139 /* Frameworks */,
				CDA1E2EB2F857001008DF139 /* Resources */,
			);
			buildRules = (
			);
			dependencies = (
				CDA1E2EF2F857001008DF139 /* PBXTargetDependency */,
			);
			fileSystemSynchronizedGroups = (
				CDA1E2F02F857001008DF139 /* BroadcastHQUITests */,
			);
			name = BroadcastHQUITests;
			packageProductDependencies = (
			);
			productName = BroadcastHQUITests;
			productReference = CDA1E2ED2F857001008DF139 /* BroadcastHQUITests.xctest */;
			productType = "com.apple.product-type.bundle.ui-testing";
		};
/* End PBXNativeTarget section */

/* Begin PBXProject section */
		CDA1E2CE2F856FFF008DF139 /* Project object */ = {
			isa = PBXProject;
			attributes = {
				BuildIndependentTargetsInParallel = 1;
				LastSwiftUpdateCheck = 2640;
				LastUpgradeCheck = 2640;
				TargetAttributes = {
					CDA1E2D52F856FFF008DF139 = {
						CreatedOnToolsVersion = 26.4;
					};
					CDA1E2E22F857001008DF139 = {
						CreatedOnToolsVersion = 26.4;
						TestTargetID = CDA1E2D52F856FFF008DF139;
					};
					CDA1E2EC2F857001008DF139 = {
						CreatedOnToolsVersion = 26.4;
						TestTargetID = CDA1E2D52F856FFF008DF139;
					};
				};
			};
			buildConfigurationList = CDA1E2D12F856FFF008DF139 /* Build configuration list for PBXProject "BroadcastHQ" */;
			developmentRegion = en;
			hasScannedForEncodings = 0;
			knownRegions = (
				en,
				Base,
			);
			mainGroup = CDA1E2CD2F856FFF008DF139;
			minimizedProjectReferenceProxies = 1;
			packageReferences = (
				CDE1F0292F891A18004A81D4 /* XCRemoteSwiftPackageReference "firebase-ios-sdk" */,
				CDE1F0302F892473004A81D4 /* XCRemoteSwiftPackageReference "GoogleSignIn-iOS" */,
			);
			preferredProjectObjectVersion = 77;
			productRefGroup = CDA1E2D72F856FFF008DF139 /* Products */;
			projectDirPath = "";
			projectRoot = "";
			targets = (
				CDA1E2D52F856FFF008DF139 /* BroadcastHQ */,
				CDA1E2E22F857001008DF139 /* BroadcastHQTests */,
				CDA1E2EC2F857001008DF139 /* BroadcastHQUITests */,
			);
		};
/* End PBXProject section */

/* Begin PBXResourcesBuildPhase section */
		CDA1E2D42F856FFF008DF139 /* Resources */ = {
			isa = PBXResourcesBuildPhase;
			buildActionMask = 2147483647;
			files = (
			);
			runOnlyForDeploymentPostprocessing = 0;
		};
		CDA1E2E12F857001008DF139 /* Resources */ = {
			isa = PBXResourcesBuildPhase;
			buildActionMask = 2147483647;
			files = (
			);
			runOnlyForDeploymentPostprocessing = 0;
		};
		CDA1E2EB2F857001008DF139 /* Resources */ = {
			isa = PBXResourcesBuildPhase;
			buildActionMask = 2147483647;
			files = (
			);
			runOnlyForDeploymentPostprocessing = 0;
		};
/* End PBXResourcesBuildPhase section */

/* Begin PBXSourcesBuildPhase section */
		CDA1E2D22F856FFF008DF139 /* Sources */ = {
			isa = PBXSourcesBuildPhase;
			buildActionMask = 2147483647;
			files = (
			);
			runOnlyForDeploymentPostprocessing = 0;
		};
		CDA1E2DF2F857001008DF139 /* Sources */ = {
			isa = PBXSourcesBuildPhase;
			buildActionMask = 2147483647;
			files = (
			);
			runOnlyForDeploymentPostprocessing = 0;
		};
		CDA1E2E92F857001008DF139 /* Sources */ = {
			isa = PBXSourcesBuildPhase;
			buildActionMask = 2147483647;
			files = (
			);
			runOnlyForDeploymentPostprocessing = 0;
		};
/* End PBXSourcesBuildPhase section */

/* Begin PBXTargetDependency section */
		CDA1E2E52F857001008DF139 /* PBXTargetDependency */ = {
			isa = PBXTargetDependency;
			target = CDA1E2D52F856FFF008DF139 /* BroadcastHQ */;
			targetProxy = CDA1E2E42F857001008DF139 /* PBXContainerItemProxy */;
		};
		CDA1E2EF2F857001008DF139 /* PBXTargetDependency */ = {
			isa = PBXTargetDependency;
			target = CDA1E2D52F856FFF008DF139 /* BroadcastHQ */;
			targetProxy = CDA1E2EE2F857001008DF139 /* PBXContainerItemProxy */;
		};
/* End PBXTargetDependency section */

/* Begin XCBuildConfiguration section */
		CDA1E2F52F857001008DF139 /* Debug */ = {
			isa = XCBuildConfiguration;
			buildSettings = {
				ALWAYS_SEARCH_USER_PATHS = NO;
				ASSETCATALOG_COMPILER_GENERATE_SWIFT_ASSET_SYMBOL_EXTENSIONS = YES;
				CLANG_ANALYZER_NONNULL = YES;
				CLANG_ANALYZER_NUMBER_OBJECT_CONVERSION = YES_AGGRESSIVE;
				CLANG_CXX_LANGUAGE_STANDARD = "gnu++20";
				CLANG_ENABLE_MODULES = YES;
				CLANG_ENABLE_OBJC_ARC = YES;
				CLANG_ENABLE_OBJC_WEAK = YES;
				CLANG_WARN_BLOCK_CAPTURE_AUTORELEASING = YES;
				CLANG_WARN_BOOL_CONVERSION = YES;
				CLANG_WARN_COMMA = YES;
				CLANG_WARN_CONSTANT_CONVERSION = YES;
				CLANG_WARN_DEPRECATED_OBJC_IMPLEMENTATIONS = YES;
				CLANG_WARN_DIRECT_OBJC_ISA_USAGE = YES_ERROR;
				CLANG_WARN_DOCUMENTATION_COMMENTS = YES;
				CLANG_WARN_EMPTY_BODY = YES;
				CLANG_WARN_ENUM_CONVERSION = YES;
				CLANG_WARN_INFINITE_RECURSION = YES;
				CLANG_WARN_INT_CONVERSION = YES;
				CLANG_WARN_NON_LITERAL_NULL_CONVERSION = YES;
				CLANG_WARN_OBJC_IMPLICIT_RETAIN_SELF = YES;
				CLANG_WARN_OBJC_LITERAL_CONVERSION = YES;
				CLANG_WARN_OBJC_ROOT_CLASS = YES_ERROR;
				CLANG_WARN_QUOTED_INCLUDE_IN_FRAMEWORK_HEADER = YES;
				CLANG_WARN_RANGE_LOOP_ANALYSIS = YES;
				CLANG_WARN_STRICT_PROTOTYPES = YES;
				CLANG_WARN_SUSPICIOUS_MOVE = YES;
				CLANG_WARN_UNGUARDED_AVAILABILITY = YES_AGGRESSIVE;
				CLANG_WARN_UNREACHABLE_CODE = YES;
				CLANG_WARN__DUPLICATE_METHOD_MATCH = YES;
				COPY_PHASE_STRIP = NO;
				DEBUG_INFORMATION_FORMAT = dwarf;
				DEVELOPMENT_TEAM = NXJXH7TTZP;
				ENABLE_STRICT_OBJC_MSGSEND = YES;
				ENABLE_TESTABILITY = YES;
				ENABLE_USER_SCRIPT_SANDBOXING = YES;
				GCC_C_LANGUAGE_STANDARD = gnu17;
				GCC_DYNAMIC_NO_PIC = NO;
				GCC_NO_COMMON_BLOCKS = YES;
				GCC_OPTIMIZATION_LEVEL = 0;
				GCC_PREPROCESSOR_DEFINITIONS = (
					"DEBUG=1",
					"$(inherited)",
				);
				GCC_WARN_64_TO_32_BIT_CONVERSION = YES;
				GCC_WARN_ABOUT_RETURN_TYPE = YES_ERROR;
				GCC_WARN_UNDECLARED_SELECTOR = YES;
				GCC_WARN_UNINITIALIZED_AUTOS = YES_AGGRESSIVE;
				GCC_WARN_UNUSED_FUNCTION = YES;
				GCC_WARN_UNUSED_VARIABLE = YES;
				IPHONEOS_DEPLOYMENT_TARGET = 26.4;
				LOCALIZATION_PREFERS_STRING_CATALOGS = YES;
				MTL_ENABLE_DEBUG_INFO = INCLUDE_SOURCE;
				MTL_FAST_MATH = YES;
				ONLY_ACTIVE_ARCH = YES;
				SDKROOT = iphoneos;
				SWIFT_ACTIVE_COMPILATION_CONDITIONS = "DEBUG $(inherited)";
				SWIFT_OPTIMIZATION_LEVEL = "-Onone";
			};
			name = Debug;
		};
		CDA1E2F62F857001008DF139 /* Release */ = {
			isa = XCBuildConfiguration;
			buildSettings = {
				ALWAYS_SEARCH_USER_PATHS = NO;
				ASSETCATALOG_COMPILER_GENERATE_SWIFT_ASSET_SYMBOL_EXTENSIONS = YES;
				CLANG_ANALYZER_NONNULL = YES;
				CLANG_ANALYZER_NUMBER_OBJECT_CONVERSION = YES_AGGRESSIVE;
				CLANG_CXX_LANGUAGE_STANDARD = "gnu++20";
				CLANG_ENABLE_MODULES = YES;
				CLANG_ENABLE_OBJC_ARC = YES;
				CLANG_ENABLE_OBJC_WEAK = YES;
				CLANG_WARN_BLOCK_CAPTURE_AUTORELEASING = YES;
				CLANG_WARN_BOOL_CONVERSION = YES;
				CLANG_WARN_COMMA = YES;
				CLANG_WARN_CONSTANT_CONVERSION = YES;
				CLANG_WARN_DEPRECATED_OBJC_IMPLEMENTATIONS = YES;
				CLANG_WARN_DIRECT_OBJC_ISA_USAGE = YES_ERROR;
				CLANG_WARN_DOCUMENTATION_COMMENTS = YES;
				CLANG_WARN_EMPTY_BODY = YES;
				CLANG_WARN_ENUM_CONVERSION = YES;
				CLANG_WARN_INFINITE_RECURSION = YES;
				CLANG_WARN_INT_CONVERSION = YES;
				CLANG_WARN_NON_LITERAL_NULL_CONVERSION = YES;
				CLANG_WARN_OBJC_IMPLICIT_RETAIN_SELF = YES;
				CLANG_WARN_OBJC_LITERAL_CONVERSION = YES;
				CLANG_WARN_OBJC_ROOT_CLASS = YES_ERROR;
				CLANG_WARN_QUOTED_INCLUDE_IN_FRAMEWORK_HEADER = YES;
				CLANG_WARN_RANGE_LOOP_ANALYSIS = YES;
				CLANG_WARN_STRICT_PROTOTYPES = YES;
				CLANG_WARN_SUSPICIOUS_MOVE = YES;
				CLANG_WARN_UNGUARDED_AVAILABILITY = YES_AGGRESSIVE;
				CLANG_WARN_UNREACHABLE_CODE = YES;
				CLANG_WARN__DUPLICATE_METHOD_MATCH = YES;
				COPY_PHASE_STRIP = NO;
				DEBUG_INFORMATION_FORMAT = "dwarf-with-dsym";
				DEVELOPMENT_TEAM = NXJXH7TTZP;
				ENABLE_NS_ASSERTIONS = NO;
				ENABLE_STRICT_OBJC_MSGSEND = YES;
				ENABLE_USER_SCRIPT_SANDBOXING = YES;
				GCC_C_LANGUAGE_STANDARD = gnu17;
				GCC_NO_COMMON_BLOCKS = YES;
				GCC_WARN_64_TO_32_BIT_CONVERSION = YES;
				GCC_WARN_ABOUT_RETURN_TYPE = YES_ERROR;
				GCC_WARN_UNDECLARED_SELECTOR = YES;
				GCC_WARN_UNINITIALIZED_AUTOS = YES_AGGRESSIVE;
				GCC_WARN_UNUSED_FUNCTION = YES;
				GCC_WARN_UNUSED_VARIABLE = YES;
				IPHONEOS_DEPLOYMENT_TARGET = 26.4;
				LOCALIZATION_PREFERS_STRING_CATALOGS = YES;
				MTL_ENABLE_DEBUG_INFO = NO;
				MTL_FAST_MATH = YES;
				SDKROOT = iphoneos;
				SWIFT_COMPILATION_MODE = wholemodule;
				VALIDATE_PRODUCT = YES;
			};
			name = Release;
		};
		CDA1E2F82F857001008DF139 /* Debug */ = {
			isa = XCBuildConfiguration;
			buildSettings = {
				ASSETCATALOG_COMPILER_APPICON_NAME = AppIcon;
				ASSETCATALOG_COMPILER_GLOBAL_ACCENT_COLOR_NAME = AccentColor;
				CODE_SIGN_ENTITLEMENTS = BroadcastHQ.entitlements;
				CODE_SIGN_STYLE = Automatic;
				CURRENT_PROJECT_VERSION = 1;
				DEVELOPMENT_TEAM = 752MX8J6RV;
				ENABLE_PREVIEWS = YES;
				GENERATE_INFOPLIST_FILE = YES;
				HEADER_SEARCH_PATHS = /usr/local/ndi/include;
				INFOPLIST_FILE = "BroadcastHQ-Info.plist";
				INFOPLIST_KEY_CFBundleDisplayName = "Valor Live";
				INFOPLIST_KEY_LSApplicationCategoryType = "public.app-category.productivity";
				INFOPLIST_KEY_NSLocalNetworkUsageDescription = "Valor.Live uses your local network to connect with nearby team members for push-to-talk.";
				INFOPLIST_KEY_NSMicrophoneUsageDescription = "Valor.Live uses your microphone for push-to-talk communication with your broadcast team.";
				INFOPLIST_KEY_UIApplicationSceneManifest_Generation = NO;
				INFOPLIST_KEY_UIApplicationSupportsIndirectInputEvents = YES;
				INFOPLIST_KEY_UILaunchScreen_Generation = YES;
				INFOPLIST_KEY_UISupportedInterfaceOrientations_iPad = "UIInterfaceOrientationPortrait UIInterfaceOrientationPortraitUpsideDown UIInterfaceOrientationLandscapeLeft UIInterfaceOrientationLandscapeRight";
				INFOPLIST_KEY_UISupportedInterfaceOrientations_iPhone = "UIInterfaceOrientationPortrait UIInterfaceOrientationLandscapeLeft UIInterfaceOrientationLandscapeRight";
				IPHONEOS_DEPLOYMENT_TARGET = 17;
				LD_RUNPATH_SEARCH_PATHS = (
					"$(inherited)",
					"@executable_path/Frameworks",
				);
				LIBRARY_SEARCH_PATHS = (
					"$(inherited)",
					"$(PROJECT_DIR)",
				);
				MARKETING_VERSION = 1.1.2;
				OTHER_LDFLAGS = "-lc++";
				"OTHER_LDFLAGS[sdk=iphoneos*]" = (
					"$(inherited)",
					"-lndi_advanced_ios",
				);
				PRODUCT_BUNDLE_IDENTIFIER = com.broadcasthq.BroadcastHQ;
				PRODUCT_NAME = "$(TARGET_NAME)";
				STRING_CATALOG_GENERATE_SYMBOLS = YES;
				SWIFT_APPROACHABLE_CONCURRENCY = YES;
				SWIFT_DEFAULT_ACTOR_ISOLATION = MainActor;
				SWIFT_EMIT_LOC_STRINGS = YES;
				SWIFT_OBJC_BRIDGING_HEADER = "BroadcastHQ-Bridging-Header.h";
				SWIFT_UPCOMING_FEATURE_MEMBER_IMPORT_VISIBILITY = YES;
				SWIFT_VERSION = 5.0;
				TARGETED_DEVICE_FAMILY = "1,2";
			};
			name = Debug;
		};
		CDA1E2F92F857001008DF139 /* Release */ = {
			isa = XCBuildConfiguration;
			buildSettings = {
				ASSETCATALOG_COMPILER_APPICON_NAME = AppIcon;
				ASSETCATALOG_COMPILER_GLOBAL_ACCENT_COLOR_NAME = AccentColor;
				CODE_SIGN_ENTITLEMENTS = BroadcastHQ.entitlements;
				CODE_SIGN_STYLE = Automatic;
				CURRENT_PROJECT_VERSION = 1;
				DEVELOPMENT_TEAM = 752MX8J6RV;
				ENABLE_PREVIEWS = YES;
				GENERATE_INFOPLIST_FILE = YES;
				HEADER_SEARCH_PATHS = /usr/local/ndi/include;
				INFOPLIST_FILE = "BroadcastHQ-Info.plist";
				INFOPLIST_KEY_CFBundleDisplayName = "Valor Live";
				INFOPLIST_KEY_LSApplicationCategoryType = "public.app-category.productivity";
				INFOPLIST_KEY_NSLocalNetworkUsageDescription = "Valor.Live uses your local network to connect with nearby team members for push-to-talk.";
				INFOPLIST_KEY_NSMicrophoneUsageDescription = "Valor.Live uses your microphone for push-to-talk communication with your broadcast team.";
				INFOPLIST_KEY_UIApplicationSceneManifest_Generation = NO;
				INFOPLIST_KEY_UIApplicationSupportsIndirectInputEvents = YES;
				INFOPLIST_KEY_UILaunchScreen_Generation = YES;
				INFOPLIST_KEY_UISupportedInterfaceOrientations_iPad = "UIInterfaceOrientationPortrait UIInterfaceOrientationPortraitUpsideDown UIInterfaceOrientationLandscapeLeft UIInterfaceOrientationLandscapeRight";
				INFOPLIST_KEY_UISupportedInterfaceOrientations_iPhone = "UIInterfaceOrientationPortrait UIInterfaceOrientationLandscapeLeft UIInterfaceOrientationLandscapeRight";
				IPHONEOS_DEPLOYMENT_TARGET = 17;
				LD_RUNPATH_SEARCH_PATHS = (
					"$(inherited)",
					"@executable_path/Frameworks",
				);
				LIBRARY_SEARCH_PATHS = (
					"$(inherited)",
					"$(PROJECT_DIR)",
				);
				MARKETING_VERSION = 1.1.2;
				OTHER_LDFLAGS = "-lc++";
				"OTHER_LDFLAGS[sdk=iphoneos*]" = (
					"$(inherited)",
					"-lndi_advanced_ios",
				);
				PRODUCT_BUNDLE_IDENTIFIER = com.broadcasthq.BroadcastHQ;
				PRODUCT_NAME = "$(TARGET_NAME)";
				STRING_CATALOG_GENERATE_SYMBOLS = YES;
				SWIFT_APPROACHABLE_CONCURRENCY = YES;
				SWIFT_DEFAULT_ACTOR_ISOLATION = MainActor;
				SWIFT_EMIT_LOC_STRINGS = YES;
				SWIFT_OBJC_BRIDGING_HEADER = "BroadcastHQ-Bridging-Header.h";
				SWIFT_UPCOMING_FEATURE_MEMBER_IMPORT_VISIBILITY = YES;
				SWIFT_VERSION = 5.0;
				TARGETED_DEVICE_FAMILY = "1,2";
			};
			name = Release;
		};
		CDA1E2FB2F857001008DF139 /* Debug */ = {
			isa = XCBuildConfiguration;
			buildSettings = {
				BUNDLE_LOADER = "$(TEST_HOST)";
				CODE_SIGN_STYLE = Automatic;
				CURRENT_PROJECT_VERSION = 1;
				DEVELOPMENT_TEAM = NXJXH7TTZP;
				GENERATE_INFOPLIST_FILE = YES;
				IPHONEOS_DEPLOYMENT_TARGET = 26.4;
				MARKETING_VERSION = 1.0;
				PRODUCT_BUNDLE_IDENTIFIER = com.broadcasthq.BroadcastHQTests;
				PRODUCT_NAME = "$(TARGET_NAME)";
				STRING_CATALOG_GENERATE_SYMBOLS = NO;
				SWIFT_APPROACHABLE_CONCURRENCY = YES;
				SWIFT_EMIT_LOC_STRINGS = NO;
				SWIFT_UPCOMING_FEATURE_MEMBER_IMPORT_VISIBILITY = YES;
				SWIFT_VERSION = 5.0;
				TARGETED_DEVICE_FAMILY = "1,2";
				TEST_HOST = "$(BUILT_PRODUCTS_DIR)/BroadcastHQ.app/$(BUNDLE_EXECUTABLE_FOLDER_PATH)/BroadcastHQ";
			};
			name = Debug;
		};
		CDA1E2FC2F857001008DF139 /* Release */ = {
			isa = XCBuildConfiguration;
			buildSettings = {
				BUNDLE_LOADER = "$(TEST_HOST)";
				CODE_SIGN_STYLE = Automatic;
				CURRENT_PROJECT_VERSION = 1;
				DEVELOPMENT_TEAM = NXJXH7TTZP;
				GENERATE_INFOPLIST_FILE = YES;
				IPHONEOS_DEPLOYMENT_TARGET = 26.4;
				MARKETING_VERSION = 1.0;
				PRODUCT_BUNDLE_IDENTIFIER = com.broadcasthq.BroadcastHQTests;
				PRODUCT_NAME = "$(TARGET_NAME)";
				STRING_CATALOG_GENERATE_SYMBOLS = NO;
				SWIFT_APPROACHABLE_CONCURRENCY = YES;
				SWIFT_EMIT_LOC_STRINGS = NO;
				SWIFT_UPCOMING_FEATURE_MEMBER_IMPORT_VISIBILITY = YES;
				SWIFT_VERSION = 5.0;
				TARGETED_DEVICE_FAMILY = "1,2";
				TEST_HOST = "$(BUILT_PRODUCTS_DIR)/BroadcastHQ.app/$(BUNDLE_EXECUTABLE_FOLDER_PATH)/BroadcastHQ";
			};
			name = Release;
		};
		CDA1E2FE2F857001008DF139 /* Debug */ = {
			isa = XCBuildConfiguration;
			buildSettings = {
				CODE_SIGN_STYLE = Automatic;
				CURRENT_PROJECT_VERSION = 1;
				DEVELOPMENT_TEAM = NXJXH7TTZP;
				GENERATE_INFOPLIST_FILE = YES;
				MARKETING_VERSION = 1.0;
				PRODUCT_BUNDLE_IDENTIFIER = com.broadcasthq.BroadcastHQUITests;
				PRODUCT_NAME = "$(TARGET_NAME)";
				STRING_CATALOG_GENERATE_SYMBOLS = NO;
				SWIFT_APPROACHABLE_CONCURRENCY = YES;
				SWIFT_EMIT_LOC_STRINGS = NO;
				SWIFT_UPCOMING_FEATURE_MEMBER_IMPORT_VISIBILITY = YES;
				SWIFT_VERSION = 5.0;
				TARGETED_DEVICE_FAMILY = "1,2";
				TEST_TARGET_NAME = BroadcastHQ;
			};
			name = Debug;
		};
		CDA1E2FF2F857001008DF139 /* Release */ = {
			isa = XCBuildConfiguration;
			buildSettings = {
				CODE_SIGN_STYLE = Automatic;
				CURRENT_PROJECT_VERSION = 1;
				DEVELOPMENT_TEAM = NXJXH7TTZP;
				GENERATE_INFOPLIST_FILE = YES;
				MARKETING_VERSION = 1.0;
				PRODUCT_BUNDLE_IDENTIFIER = com.broadcasthq.BroadcastHQUITests;
				PRODUCT_NAME = "$(TARGET_NAME)";
				STRING_CATALOG_GENERATE_SYMBOLS = NO;
				SWIFT_APPROACHABLE_CONCURRENCY = YES;
				SWIFT_EMIT_LOC_STRINGS = NO;
				SWIFT_UPCOMING_FEATURE_MEMBER_IMPORT_VISIBILITY = YES;
				SWIFT_VERSION = 5.0;
				TARGETED_DEVICE_FAMILY = "1,2";
				TEST_TARGET_NAME = BroadcastHQ;
			};
			name = Release;
		};
/* End XCBuildConfiguration section */

/* Begin XCConfigurationList section */
		CDA1E2D12F856FFF008DF139 /* Build configuration list for PBXProject "BroadcastHQ" */ = {
			isa = XCConfigurationList;
			buildConfigurations = (
				CDA1E2F52F857001008DF139 /* Debug */,
				CDA1E2F62F857001008DF139 /* Release */,
			);
			defaultConfigurationIsVisible = 0;
			defaultConfigurationName = Release;
		};
		CDA1E2F72F857001008DF139 /* Build configuration list for PBXNativeTarget "BroadcastHQ" */ = {
			isa = XCConfigurationList;
			buildConfigurations = (
				CDA1E2F82F857001008DF139 /* Debug */,
				CDA1E2F92F857001008DF139 /* Release */,
			);
			defaultConfigurationIsVisible = 0;
			defaultConfigurationName = Release;
		};
		CDA1E2FA2F857001008DF139 /* Build configuration list for PBXNativeTarget "BroadcastHQTests" */ = {
			isa = XCConfigurationList;
			buildConfigurations = (
				CDA1E2FB2F857001008DF139 /* Debug */,
				CDA1E2FC2F857001008DF139 /* Release */,
			);
			defaultConfigurationIsVisible = 0;
			defaultConfigurationName = Release;
		};
		CDA1E2FD2F857001008DF139 /* Build configuration list for PBXNativeTarget "BroadcastHQUITests" */ = {
			isa = XCConfigurationList;
			buildConfigurations = (
				CDA1E2FE2F857001008DF139 /* Debug */,
				CDA1E2FF2F857001008DF139 /* Release */,
			);
			defaultConfigurationIsVisible = 0;
			defaultConfigurationName = Release;
		};
/* End XCConfigurationList section */

/* Begin XCRemoteSwiftPackageReference section */
		CDE1F0292F891A18004A81D4 /* XCRemoteSwiftPackageReference "firebase-ios-sdk" */ = {
			isa = XCRemoteSwiftPackageReference;
			repositoryURL = "https://github.com/firebase/firebase-ios-sdk";
			requirement = {
				kind = upToNextMajorVersion;
				minimumVersion = 12.12.0;
			};
		};
		CDE1F0302F892473004A81D4 /* XCRemoteSwiftPackageReference "GoogleSignIn-iOS" */ = {
			isa = XCRemoteSwiftPackageReference;
			repositoryURL = "https://github.com/google/GoogleSignIn-iOS";
			requirement = {
				kind = upToNextMajorVersion;
				minimumVersion = 9.1.0;
			};
		};
/* End XCRemoteSwiftPackageReference section */

/* Begin XCSwiftPackageProductDependency section */
		CD51E3F62FA16BA100A11FAA /* FirebaseStorage */ = {
			isa = XCSwiftPackageProductDependency;
			package = CDE1F0292F891A18004A81D4 /* XCRemoteSwiftPackageReference "firebase-ios-sdk" */;
			productName = FirebaseStorage;
		};
		CDA3AED92FAE74E3004872CB /* FirebaseMessaging */ = {
			isa = XCSwiftPackageProductDependency;
			package = CDE1F0292F891A18004A81D4 /* XCRemoteSwiftPackageReference "firebase-ios-sdk" */;
			productName = FirebaseMessaging;
		};
		CDE1F02A2F891A18004A81D4 /* FirebaseAuth */ = {
			isa = XCSwiftPackageProductDependency;
			package = CDE1F0292F891A18004A81D4 /* XCRemoteSwiftPackageReference "firebase-ios-sdk" */;
			productName = FirebaseAuth;
		};
		CDE1F02C2F891A18004A81D4 /* FirebaseFirestore */ = {
			isa = XCSwiftPackageProductDependency;
			package = CDE1F0292F891A18004A81D4 /* XCRemoteSwiftPackageReference "firebase-ios-sdk" */;
			productName = FirebaseFirestore;
		};
		CDE1F0312F892473004A81D4 /* GoogleSignIn */ = {
			isa = XCSwiftPackageProductDependency;
			package = CDE1F0302F892473004A81D4 /* XCRemoteSwiftPackageReference "GoogleSignIn-iOS" */;
			productName = GoogleSignIn;
		};
/* End XCSwiftPackageProductDependency section */
	};
	rootObject = CDA1E2CE2F856FFF008DF139 /* Project object */;
}
